
Microsoft Visual Studio Solution File, Format Version 12.00
# Visual Studio Version 16
VisualStudioVersion = 16.0.31205.134
MinimumVisualStudioVersion = 10.0.40219.1
Project("{FAE04EC0-301F-11D3-BF4B-00C04F79EFBC}") = "TicTacToeGame", "TicTacToeGame\TicTacToeGame.csproj", "{02217823-EC8A-40C0-BACE-114DF164B32B}"
EndProject
Global
	GlobalSection(SolutionConfigurationPlatforms) = preSolution
		Debug|Any CPU = Debug|Any CPU
		Release|Any CPU = Release|Any CPU
	EndGlobalSection
	GlobalSection(ProjectConfigurationPlatforms) = postSolution
		{02217823-EC8A-40C0-BACE-114DF164B32B}.Debug|Any CPU.ActiveCfg = Debug|Any CPU
		{02217823-EC8A-40C0-BACE-114DF164B32B}.Debug|Any CPU.Build.0 = Debug|Any CPU
		{02217823-EC8A-40C0-BACE-114DF164B32B}.Release|Any CPU.ActiveCfg = Release|Any CPU
		{02217823-EC8A-40C0-BACE-114DF164B32B}.Release|Any CPU.Build.0 = Release|Any CPU
	EndGlobalSection
	GlobalSection(SolutionProperties) = preSolution
		HideSolutionNode = FALSE
	EndGlobalSection
	GlobalSection(ExtensibilityGlobals) = postSolution
		SolutionGuid = {7F54C57A-4A54-41E5-B952-BC916EE9207C}
	EndGlobalSection
EndGlobal
